
Microsoft Visual Studio Solution File, Format Version 12.00
# Visual Studio 15
VisualStudioVersion = 15.0.27703.2026
MinimumVisualStudioVersion = 10.0.40219.1
Project("{9A19103F-16F7-4668-BE54-9A1E7A4F7556}") = "ll_kth_from_end", "ll_kth_from_end\ll_kth_from_end.csproj", "{957598A3-41DD-4499-B532-6F001B20BFAF}"
EndProject
Project("{9A19103F-16F7-4668-BE54-9A1E7A4F7556}") = "XUnitTestProject1", "XUnitTestProject1\XUnitTestProject1.csproj", "{7022005C-5058-4D8E-9C48-FC23170056A6}"
EndProject
Global
	GlobalSection(SolutionConfigurationPlatforms) = preSolution
		Debug|Any CPU = Debug|Any CPU
		Release|Any CPU = Release|Any CPU
	EndGlobalSection
	GlobalSection(ProjectConfigurationPlatforms) = postSolution
		{957598A3-41DD-4499-B532-6F001B20BFAF}.Debug|Any CPU.ActiveCfg = Debug|Any CPU
		{957598A3-41DD-4499-B532-6F001B20BFAF}.Debug|Any CPU.Build.0 = Debug|Any CPU
		{957598A3-41DD-4499-B532-6F001B20BFAF}.Release|Any CPU.ActiveCfg = Release|Any CPU
		{957598A3-41DD-4499-B532-6F001B20BFAF}.Release|Any CPU.Build.0 = Release|Any CPU
		{7022005C-5058-4D8E-9C48-FC23170056A6}.Debug|Any CPU.ActiveCfg = Debug|Any CPU
		{7022005C-5058-4D8E-9C48-FC23170056A6}.Debug|Any CPU.Build.0 = Debug|Any CPU
		{7022005C-5058-4D8E-9C48-FC23170056A6}.Release|Any CPU.ActiveCfg = Release|Any CPU
		{7022005C-5058-4D8E-9C48-FC23170056A6}.Release|Any CPU.Build.0 = Release|Any CPU
	EndGlobalSection
	GlobalSection(SolutionProperties) = preSolution
		HideSolutionNode = FALSE
	EndGlobalSection
	GlobalSection(ExtensibilityGlobals) = postSolution
		SolutionGuid = {46630936-0B89-4611-B9DE-70C883C56789}
	EndGlobalSection
EndGlobal
