
Microsoft Visual Studio Solution File, Format Version 12.00
# Visual Studio 15
VisualStudioVersion = 15.0.27703.2026
MinimumVisualStudioVersion = 10.0.40219.1
Project("{9A19103F-16F7-4668-BE54-9A1E7A4F7556}") = "array_binary_search", "array_binary_search\array_binary_search.csproj", "{E4B39616-665B-444B-8224-81C30095BDE4}"
EndProject
Project("{FAE04EC0-301F-11D3-BF4B-00C04F79EFBC}") = "XUnitTestArray_Binary_Search", "XUnitTestArray_Binary_Search\XUnitTestArray_Binary_Search.csproj", "{CCC7D7EC-09B5-46E2-A5E0-E6A9A4CFC5F6}"
EndProject
Global
	GlobalSection(SolutionConfigurationPlatforms) = preSolution
		Debug|Any CPU = Debug|Any CPU
		Release|Any CPU = Release|Any CPU
	EndGlobalSection
	GlobalSection(ProjectConfigurationPlatforms) = postSolution
		{E4B39616-665B-444B-8224-81C30095BDE4}.Debug|Any CPU.ActiveCfg = Debug|Any CPU
		{E4B39616-665B-444B-8224-81C30095BDE4}.Debug|Any CPU.Build.0 = Debug|Any CPU
		{E4B39616-665B-444B-8224-81C30095BDE4}.Release|Any CPU.ActiveCfg = Release|Any CPU
		{E4B39616-665B-444B-8224-81C30095BDE4}.Release|Any CPU.Build.0 = Release|Any CPU
		{CCC7D7EC-09B5-46E2-A5E0-E6A9A4CFC5F6}.Debug|Any CPU.ActiveCfg = Debug|Any CPU
		{CCC7D7EC-09B5-46E2-A5E0-E6A9A4CFC5F6}.Debug|Any CPU.Build.0 = Debug|Any CPU
		{CCC7D7EC-09B5-46E2-A5E0-E6A9A4CFC5F6}.Release|Any CPU.ActiveCfg = Release|Any CPU
		{CCC7D7EC-09B5-46E2-A5E0-E6A9A4CFC5F6}.Release|Any CPU.Build.0 = Release|Any CPU
	EndGlobalSection
	GlobalSection(SolutionProperties) = preSolution
		HideSolutionNode = FALSE
	EndGlobalSection
	GlobalSection(ExtensibilityGlobals) = postSolution
		SolutionGuid = {50F36B85-1546-4681-A551-074183E2778D}
	EndGlobalSection
EndGlobal
